<?xml version="1.0" encoding="utf-8"?>
<Project ToolsVersion="4.0" xmlns="http://schemas.microsoft.com/developer/msbuild/2003">
  <ItemGroup>
    <Filter Include="Source Files">
      <UniqueIdentifier>{4FC737F1-C7A5-4376-A066-2A32D752A2FF}</UniqueIdentifier>
      <Extensions>cpp;c;cc;cxx;def;odl;idl;hpj;bat;asm;asmx</Extensions>
    </Filter>
    <Filter Include="Header Files">
      <UniqueIdentifier>{93995380-89BD-4b04-88EB-625FBE52EBFB}</UniqueIdentifier>
      <Extensions>h;hh;hpp;hxx;hm;inl;inc;xsd</Extensions>
    </Filter>
    <Filter Include="Resource Files">
      <UniqueIdentifier>{67DA6AB6-F800-4c08-8B7A-83BB121AAD01}</UniqueIdentifier>
      <Extensions>rc;ico;cur;bmp;dlg;rc2;rct;bin;rgs;gif;jpg;jpeg;jpe;resx;tiff;tif;png;wav;mfcribbon-ms</Extensions>
    </Filter>
  </ItemGroup>
  <ItemGroup>
    <ClInclude Include="stdafx.h">
      <Filter>Header Files</Filter>
    </ClInclude>
    <ClInclude Include="targetver.h">
      <Filter>Header Files</Filter>
    </ClInclude>
    <ClInclude Include="resource.h">
      <Filter>Header Files</Filter>
    </ClInclude>
    <ClInclude Include="ZorbitsOrbits.h">
      <Filter>Header Files</Filter>
    </ClInclude>
    <ClInclude Include="Achievements.h">
      <Filter>Header Files</Filter>
    </ClInclude>
    <ClInclude Include="BossHUD.h">
      <Filter>Header Files</Filter>
    </ClInclude>
    <ClInclude Include="Cinematic.h">
      <Filter>Header Files</Filter>
    </ClInclude>
    <ClInclude Include="CogHUD.h">
      <Filter>Header Files</Filter>
    </ClInclude>
    <ClInclude Include="Credits.h">
      <Filter>Header Files</Filter>
    </ClInclude>
    <ClInclude Include="FrogScreen.h">
      <Filter>Header Files</Filter>
    </ClInclude>
    <ClInclude Include="GameOver.h">
      <Filter>Header Files</Filter>
    </ClInclude>
    <ClInclude Include="HealthHUD.h">
      <Filter>Header Files</Filter>
    </ClInclude>
    <ClInclude Include="LevelSelect.h">
      <Filter>Header Files</Filter>
    </ClInclude>
    <ClInclude Include="LoadingScreen.h">
      <Filter>Header Files</Filter>
    </ClInclude>
    <ClInclude Include="ScoreScreen.h">
      <Filter>Header Files</Filter>
    </ClInclude>
    <ClInclude Include="ZBoinger.h">
      <Filter>Header Files</Filter>
    </ClInclude>
    <ClInclude Include="ZBooster.h">
      <Filter>Header Files</Filter>
    </ClInclude>
    <ClInclude Include="ZBoss.h">
      <Filter>Header Files</Filter>
    </ClInclude>
    <ClInclude Include="ZCheckPoint.h">
      <Filter>Header Files</Filter>
    </ClInclude>
    <ClInclude Include="ZCircle.h">
      <Filter>Header Files</Filter>
    </ClInclude>
    <ClInclude Include="ZCog.h">
      <Filter>Header Files</Filter>
    </ClInclude>
    <ClInclude Include="ZElvisBoss.h">
      <Filter>Header Files</Filter>
    </ClInclude>
    <ClInclude Include="ZFunzoBoss.h">
      <Filter>Header Files</Filter>
    </ClInclude>
    <ClInclude Include="ZGlob.h">
      <Filter>Header Files</Filter>
    </ClInclude>
    <ClInclude Include="ZGlobBat.h">
      <Filter>Header Files</Filter>
    </ClInclude>
    <ClInclude Include="ZGlobBoss.h">
      <Filter>Header Files</Filter>
    </ClInclude>
    <ClInclude Include="ZGlobDrop.h">
      <Filter>Header Files</Filter>
    </ClInclude>
    <ClInclude Include="ZGrapple.h">
      <Filter>Header Files</Filter>
    </ClInclude>
    <ClInclude Include="ZGrappleChain.h">
      <Filter>Header Files</Filter>
    </ClInclude>
    <ClInclude Include="ZHappyRock.h">
      <Filter>Header Files</Filter>
    </ClInclude>
    <ClInclude Include="ZKops.h">
      <Filter>Header Files</Filter>
    </ClInclude>
    <ClInclude Include="ZKrawlurBoss.h">
      <Filter>Header Files</Filter>
    </ClInclude>
    <ClInclude Include="ZMovingPlatform.h">
      <Filter>Header Files</Filter>
    </ClInclude>
    <ClInclude Include="Zorbit.h">
      <Filter>Header Files</Filter>
    </ClInclude>
    <ClInclude Include="ZorbitLevel.h">
      <Filter>Header Files</Filter>
    </ClInclude>
    <ClInclude Include="ZorbitMenu.h">
      <Filter>Header Files</Filter>
    </ClInclude>
    <ClInclude Include="ZPlatform.h">
      <Filter>Header Files</Filter>
    </ClInclude>
    <ClInclude Include="ZRectShape.h">
      <Filter>Header Files</Filter>
    </ClInclude>
    <ClInclude Include="ZShot.h">
      <Filter>Header Files</Filter>
    </ClInclude>
    <ClInclude Include="ZSlot.h">
      <Filter>Header Files</Filter>
    </ClInclude>
    <ClInclude Include="ZSpaceGenerator.h">
      <Filter>Header Files</Filter>
    </ClInclude>
    <ClInclude Include="ZStrongoBoss.h">
      <Filter>Header Files</Filter>
    </ClInclude>
    <ClInclude Include="ZTutorialBoss.h">
      <Filter>Header Files</Filter>
    </ClInclude>
    <ClInclude Include="ZVexBoss.h">
      <Filter>Header Files</Filter>
    </ClInclude>
  </ItemGroup>
  <ItemGroup>
    <ClCompile Include="stdafx.cpp">
      <Filter>Source Files</Filter>
    </ClCompile>
    <ClCompile Include="main.cpp">
      <Filter>Source Files</Filter>
    </ClCompile>
    <ClCompile Include="ZorbitsOrbits.cpp">
      <Filter>Source Files</Filter>
    </ClCompile>
    <ClCompile Include="Achievements.cpp">
      <Filter>Source Files</Filter>
    </ClCompile>
    <ClCompile Include="BossHUD.cpp">
      <Filter>Source Files</Filter>
    </ClCompile>
    <ClCompile Include="Cinematic.cpp">
      <Filter>Source Files</Filter>
    </ClCompile>
    <ClCompile Include="CogHUD.cpp">
      <Filter>Source Files</Filter>
    </ClCompile>
    <ClCompile Include="Credits.cpp">
      <Filter>Source Files</Filter>
    </ClCompile>
    <ClCompile Include="FrogScreen.cpp">
      <Filter>Source Files</Filter>
    </ClCompile>
    <ClCompile Include="GameOver.cpp">
      <Filter>Source Files</Filter>
    </ClCompile>
    <ClCompile Include="HealthHUD.cpp">
      <Filter>Source Files</Filter>
    </ClCompile>
    <ClCompile Include="LevelSelect.cpp">
      <Filter>Source Files</Filter>
    </ClCompile>
    <ClCompile Include="LoadingScreen.cpp">
      <Filter>Source Files</Filter>
    </ClCompile>
    <ClCompile Include="ScoreScreen.cpp">
      <Filter>Source Files</Filter>
    </ClCompile>
    <ClCompile Include="ZBoinger.cpp">
      <Filter>Source Files</Filter>
    </ClCompile>
    <ClCompile Include="ZBooster.cpp">
      <Filter>Source Files</Filter>
    </ClCompile>
    <ClCompile Include="ZBoss.cpp">
      <Filter>Source Files</Filter>
    </ClCompile>
    <ClCompile Include="ZCircle.cpp">
      <Filter>Source Files</Filter>
    </ClCompile>
    <ClCompile Include="ZCog.cpp">
      <Filter>Source Files</Filter>
    </ClCompile>
    <ClCompile Include="ZElvisBoss.cpp">
      <Filter>Source Files</Filter>
    </ClCompile>
    <ClCompile Include="ZFunzoBoss.cpp">
      <Filter>Source Files</Filter>
    </ClCompile>
    <ClCompile Include="ZGlob.cpp">
      <Filter>Source Files</Filter>
    </ClCompile>
    <ClCompile Include="ZGlobBat.cpp">
      <Filter>Source Files</Filter>
    </ClCompile>
    <ClCompile Include="ZGlobBoss.cpp">
      <Filter>Source Files</Filter>
    </ClCompile>
    <ClCompile Include="ZGlobDrop.cpp">
      <Filter>Source Files</Filter>
    </ClCompile>
    <ClCompile Include="ZGrapple.cpp">
      <Filter>Source Files</Filter>
    </ClCompile>
    <ClCompile Include="ZGrappleChain.cpp">
      <Filter>Source Files</Filter>
    </ClCompile>
    <ClCompile Include="ZHappyRock.cpp">
      <Filter>Source Files</Filter>
    </ClCompile>
    <ClCompile Include="ZKops.cpp">
      <Filter>Source Files</Filter>
    </ClCompile>
    <ClCompile Include="ZKrawlurBoss.cpp">
      <Filter>Source Files</Filter>
    </ClCompile>
    <ClCompile Include="ZMovingPlatform.cpp">
      <Filter>Source Files</Filter>
    </ClCompile>
    <ClCompile Include="Zorbit.cpp">
      <Filter>Source Files</Filter>
    </ClCompile>
    <ClCompile Include="ZorbitLevel.cpp">
      <Filter>Source Files</Filter>
    </ClCompile>
    <ClCompile Include="ZorbitMenu.cpp">
      <Filter>Source Files</Filter>
    </ClCompile>
    <ClCompile Include="ZPlatform.cpp">
      <Filter>Source Files</Filter>
    </ClCompile>
    <ClCompile Include="ZRectShape.cpp">
      <Filter>Source Files</Filter>
    </ClCompile>
    <ClCompile Include="ZShot.cpp">
      <Filter>Source Files</Filter>
    </ClCompile>
    <ClCompile Include="ZSlot.cpp">
      <Filter>Source Files</Filter>
    </ClCompile>
    <ClCompile Include="ZSpaceGenerator.cpp">
      <Filter>Source Files</Filter>
    </ClCompile>
    <ClCompile Include="ZStrongoBoss.cpp">
      <Filter>Source Files</Filter>
    </ClCompile>
    <ClCompile Include="ZTutorialBoss.cpp">
      <Filter>Source Files</Filter>
    </ClCompile>
    <ClCompile Include="ZVexBoss.cpp">
      <Filter>Source Files</Filter>
    </ClCompile>
  </ItemGroup>
  <ItemGroup>
    <ResourceCompile Include="ZorbitsOrbits.rc">
      <Filter>Resource Files</Filter>
    </ResourceCompile>
  </ItemGroup>
  <ItemGroup>
    <Image Include="small.ico">
      <Filter>Resource Files</Filter>
    </Image>
    <Image Include="ZorbitsOrbits.ico">
      <Filter>Resource Files</Filter>
    </Image>
  </ItemGroup>
</Project>